// !$*UTF8*$!
{
	archiveVersion = 1;
	classes = {
	};
	objectVersion = 55;
	objects = {

/* Begin PBXBuildFile section */
		569002E629142180008AF942 /* AppDelegate.swift in Sources */ = {isa = PBXBuildFile; fileRef = 569002E529142180008AF942 /* AppDelegate.swift */; };
		569002E829142180008AF942 /* SceneDelegate.swift in Sources */ = {isa = PBXBuildFile; fileRef = 569002E729142180008AF942 /* SceneDelegate.swift */; };
		569002EA29142180008AF942 /* ViewController.swift in Sources */ = {isa = PBXBuildFile; fileRef = 569002E929142180008AF942 /* ViewController.swift */; };
		569002ED29142180008AF942 /* Main.storyboard in Resources */ = {isa = PBXBuildFile; fileRef = 569002EB29142180008AF942 /* Main.storyboard */; };
		569002EF29142181008AF942 /* Assets.xcassets in Resources */ = {isa = PBXBuildFile; fileRef = 569002EE29142181008AF942 /* Assets.xcassets */; };
		569002F229142181008AF942 /* LaunchScreen.storyboard in Resources */ = {isa = PBXBuildFile; fileRef = 569002F029142181008AF942 /* LaunchScreen.storyboard */; };
		569002FD29142181008AF942 /* SampleCombineRXSwiftTests.swift in Sources */ = {isa = PBXBuildFile; fileRef = 569002FC29142181008AF942 /* SampleCombineRXSwiftTests.swift */; };
		5690030729142181008AF942 /* SampleCombineRXSwiftUITests.swift in Sources */ = {isa = PBXBuildFile; fileRef = 5690030629142181008AF942 /* SampleCombineRXSwiftUITests.swift */; };
		5690030929142181008AF942 /* SampleCombineRXSwiftUITestsLaunchTests.swift in Sources */ = {isa = PBXBuildFile; fileRef = 5690030829142181008AF942 /* SampleCombineRXSwiftUITestsLaunchTests.swift */; };
/* End PBXBuildFile section */

/* Begin PBXContainerItemProxy section */
		569002F929142181008AF942 /* PBXContainerItemProxy */ = {
			isa = PBXContainerItemProxy;
			containerPortal = 569002DA29142180008AF942 /* Project object */;
			proxyType = 1;
			remoteGlobalIDString = 569002E129142180008AF942;
			remoteInfo = SampleCombineRXSwift;
		};
		5690030329142181008AF942 /* PBXContainerItemProxy */ = {
			isa = PBXContainerItemProxy;
			containerPortal = 569002DA29142180008AF942 /* Project object */;
			proxyType = 1;
			remoteGlobalIDString = 569002E129142180008AF942;
			remoteInfo = SampleCombineRXSwift;
		};
/* End PBXContainerItemProxy section */

/* Begin PBXFileReference section */
		569002E229142180008AF942 /* SampleCombineRXSwift.app */ = {isa = PBXFileReference; explicitFileType = wrapper.application; includeInIndex = 0; path = SampleCombineRXSwift.app; sourceTree = BUILT_PRODUCTS_DIR; };
		569002E529142180008AF942 /* AppDelegate.swift */ = {isa = PBXFileReference; lastKnownFileType = sourcecode.swift; path = AppDelegate.swift; sourceTree = "<group>"; };
		569002E729142180008AF942 /* SceneDelegate.swift */ = {isa = PBXFileReference; lastKnownFileType = sourcecode.swift; path = SceneDelegate.swift; sourceTree = "<group>"; };
		569002E929142180008AF942 /* ViewController.swift */ = {isa = PBXFileReference; lastKnownFileType = sourcecode.swift; path = ViewController.swift; sourceTree = "<group>"; };
		569002EC29142180008AF942 /* Base */ = {isa = PBXFileReference; lastKnownFileType = file.storyboard; name = Base; path = Base.lproj/Main.storyboard; sourceTree = "<group>"; };
		569002EE29142181008AF942 /* Assets.xcassets */ = {isa = PBXFileReference; lastKnownFileType = folder.assetcatalog; path = Assets.xcassets; sourceTree = "<group>"; };
		569002F129142181008AF942 /* Base */ = {isa = PBXFileReference; lastKnownFileType = file.storyboard; name = Base; path = Base.lproj/LaunchScreen.storyboard; sourceTree = "<group>"; };
		569002F329142181008AF942 /* Info.plist */ = {isa = PBXFileReference; lastKnownFileType = text.plist.xml; path = Info.plist; sourceTree = "<group>"; };
		569002F829142181008AF942 /* SampleCombineRXSwiftTests.xctest */ = {isa = PBXFileReference; explicitFileType = wrapper.cfbundle; includeInIndex = 0; path = SampleCombineRXSwiftTests.xctest; sourceTree = BUILT_PRODUCTS_DIR; };
		569002FC29142181008AF942 /* SampleCombineRXSwiftTests.swift */ = {isa = PBXFileReference; lastKnownFileType = sourcecode.swift; path = SampleCombineRXSwiftTests.swift; sourceTree = "<group>"; };
		5690030229142181008AF942 /* SampleCombineRXSwiftUITests.xctest */ = {isa = PBXFileReference; explicitFileType = wrapper.cfbundle; includeInIndex = 0; path = SampleCombineRXSwiftUITests.xctest; sourceTree = BUILT_PRODUCTS_DIR; };
		5690030629142181008AF942 /* SampleCombineRXSwiftUITests.swift */ = {isa = PBXFileReference; lastKnownFileType = sourcecode.swift; path = SampleCombineRXSwiftUITests.swift; sourceTree = "<group>"; };
		5690030829142181008AF942 /* SampleCombineRXSwiftUITestsLaunchTests.swift */ = {isa = PBXFileReference; lastKnownFileType = sourcecode.swift; path = SampleCombineRXSwiftUITestsLaunchTests.swift; sourceTree = "<group>"; };
/* End PBXFileReference section */

/* Begin PBXFrameworksBuildPhase section */
		569002DF29142180008AF942 /* Frameworks */ = {
			isa = PBXFrameworksBuildPhase;
			buildActionMask = 2147483647;
			files = (
			);
			runOnlyForDeploymentPostprocessing = 0;
		};
		569002F529142181008AF942 /* Frameworks */ = {
			isa = PBXFrameworksBuildPhase;
			buildActionMask = 2147483647;
			files = (
			);
			runOnlyForDeploymentPostprocessing = 0;
		};
		569002FF29142181008AF942 /* Frameworks */ = {
			isa = PBXFrameworksBuildPhase;
			buildActionMask = 2147483647;
			files = (
			);
			runOnlyForDeploymentPostprocessing = 0;
		};
/* End PBXFrameworksBuildPhase section */

/* Begin PBXGroup section */
		569002D929142180008AF942 = {
			isa = PBXGroup;
			children = (
				569002E429142180008AF942 /* SampleCombineRXSwift */,
				569002FB29142181008AF942 /* SampleCombineRXSwiftTests */,
				5690030529142181008AF942 /* SampleCombineRXSwiftUITests */,
				569002E329142180008AF942 /* Products */,
			);
			sourceTree = "<group>";
		};
		569002E329142180008AF942 /* Products */ = {
			isa = PBXGroup;
			children = (
				569002E229142180008AF942 /* SampleCombineRXSwift.app */,
				569002F829142181008AF942 /* SampleCombineRXSwiftTests.xctest */,
				5690030229142181008AF942 /* SampleCombineRXSwiftUITests.xctest */,
			);
			name = Products;
			sourceTree = "<group>";
		};
		569002E429142180008AF942 /* SampleCombineRXSwift */ = {
			isa = PBXGroup;
			children = (
				569002E529142180008AF942 /* AppDelegate.swift */,
				569002E729142180008AF942 /* SceneDelegate.swift */,
				569002E929142180008AF942 /* ViewController.swift */,
				569002EB29142180008AF942 /* Main.storyboard */,
				569002EE29142181008AF942 /* Assets.xcassets */,
				569002F029142181008AF942 /* LaunchScreen.storyboard */,
				569002F329142181008AF942 /* Info.plist */,
			);
			path = SampleCombineRXSwift;
			sourceTree = "<group>";
		};
		569002FB29142181008AF942 /* SampleCombineRXSwiftTests */ = {
			isa = PBXGroup;
			children = (
				569002FC29142181008AF942 /* SampleCombineRXSwiftTests.swift */,
			);
			path = SampleCombineRXSwiftTests;
			sourceTree = "<group>";
		};
		5690030529142181008AF942 /* SampleCombineRXSwiftUITests */ = {
			isa = PBXGroup;
			children = (
				5690030629142181008AF942 /* SampleCombineRXSwiftUITests.swift */,
				5690030829142181008AF942 /* SampleCombineRXSwiftUITestsLaunchTests.swift */,
			);
			path = SampleCombineRXSwiftUITests;
			sourceTree = "<group>";
		};
/* End PBXGroup section */

/* Begin PBXNativeTarget section */
		569002E129142180008AF942 /* SampleCombineRXSwift */ = {
			isa = PBXNativeTarget;
			buildConfigurationList = 5690030C29142181008AF942 /* Build configuration list for PBXNativeTarget "SampleCombineRXSwift" */;
			buildPhases = (
				569002DE29142180008AF942 /* Sources */,
				569002DF29142180008AF942 /* Frameworks */,
				569002E029142180008AF942 /* Resources */,
			);
			buildRules = (
			);
			dependencies = (
			);
			name = SampleCombineRXSwift;
			productName = SampleCombineRXSwift;
			productReference = 569002E229142180008AF942 /* SampleCombineRXSwift.app */;
			productType = "com.apple.product-type.application";
		};
		569002F729142181008AF942 /* SampleCombineRXSwiftTests */ = {
			isa = PBXNativeTarget;
			buildConfigurationList = 5690030F29142181008AF942 /* Build configuration list for PBXNativeTarget "SampleCombineRXSwiftTests" */;
			buildPhases = (
				569002F429142181008AF942 /* Sources */,
				569002F529142181008AF942 /* Frameworks */,
				569002F629142181008AF942 /* Resources */,
			);
			buildRules = (
			);
			dependencies = (
				569002FA29142181008AF942 /* PBXTargetDependency */,
			);
			name = SampleCombineRXSwiftTests;
			productName = SampleCombineRXSwiftTests;
			productReference = 569002F829142181008AF942 /* SampleCombineRXSwiftTests.xctest */;
			productType = "com.apple.product-type.bundle.unit-test";
		};
		5690030129142181008AF942 /* SampleCombineRXSwiftUITests */ = {
			isa = PBXNativeTarget;
			buildConfigurationList = 5690031229142181008AF942 /* Build configuration list for PBXNativeTarget "SampleCombineRXSwiftUITests" */;
			buildPhases = (
				569002FE29142181008AF942 /* Sources */,
				569002FF29142181008AF942 /* Frameworks */,
				5690030029142181008AF942 /* Resources */,
			);
			buildRules = (
			);
			dependencies = (
				5690030429142181008AF942 /* PBXTargetDependency */,
			);
			name = SampleCombineRXSwiftUITests;
			productName = SampleCombineRXSwiftUITests;
			productReference = 5690030229142181008AF942 /* SampleCombineRXSwiftUITests.xctest */;
			productType = "com.apple.product-type.bundle.ui-testing";
		};
/* End PBXNativeTarget section */

/* Begin PBXProject section */
		569002DA29142180008AF942 /* Project object */ = {
			isa = PBXProject;
			attributes = {
				BuildIndependentTargetsInParallel = 1;
				LastSwiftUpdateCheck = 1340;
				LastUpgradeCheck = 1340;
				TargetAttributes = {
					569002E129142180008AF942 = {
						CreatedOnToolsVersion = 13.4.1;
					};
					569002F729142181008AF942 = {
						CreatedOnToolsVersion = 13.4.1;
						TestTargetID = 569002E129142180008AF942;
					};
					5690030129142181008AF942 = {
						CreatedOnToolsVersion = 13.4.1;
						TestTargetID = 569002E129142180008AF942;
					};
				};
			};
			buildConfigurationList = 569002DD29142180008AF942 /* Build configuration list for PBXProject "SampleCombineRXSwift" */;
			compatibilityVersion = "Xcode 13.0";
			developmentRegion = en;
			hasScannedForEncodings = 0;
			knownRegions = (
				en,
				Base,
			);
			mainGroup = 569002D929142180008AF942;
			productRefGroup = 569002E329142180008AF942 /* Products */;
			projectDirPath = "";
			projectRoot = "";
			targets = (
				569002E129142180008AF942 /* SampleCombineRXSwift */,
				569002F729142181008AF942 /* SampleCombineRXSwiftTests */,
				5690030129142181008AF942 /* SampleCombineRXSwiftUITests */,
			);
		};
/* End PBXProject section */

/* Begin PBXResourcesBuildPhase section */
		569002E029142180008AF942 /* Resources */ = {
			isa = PBXResourcesBuildPhase;
			buildActionMask = 2147483647;
			files = (
				569002F229142181008AF942 /* LaunchScreen.storyboard in Resources */,
				569002EF29142181008AF942 /* Assets.xcassets in Resources */,
				569002ED29142180008AF942 /* Main.storyboard in Resources */,
			);
			runOnlyForDeploymentPostprocessing = 0;
		};
		569002F629142181008AF942 /* Resources */ = {
			isa = PBXResourcesBuildPhase;
			buildActionMask = 2147483647;
			files = (
			);
			runOnlyForDeploymentPostprocessing = 0;
		};
		5690030029142181008AF942 /* Resources */ = {
			isa = PBXResourcesBuildPhase;
			buildActionMask = 2147483647;
			files = (
			);
			runOnlyForDeploymentPostprocessing = 0;
		};
/* End PBXResourcesBuildPhase section */

/* Begin PBXSourcesBuildPhase section */
		569002DE29142180008AF942 /* Sources */ = {
			isa = PBXSourcesBuildPhase;
			buildActionMask = 2147483647;
			files = (
				569002EA29142180008AF942 /* ViewController.swift in Sources */,
				569002E629142180008AF942 /* AppDelegate.swift in Sources */,
				569002E829142180008AF942 /* SceneDelegate.swift in Sources */,
			);
			runOnlyForDeploymentPostprocessing = 0;
		};
		569002F429142181008AF942 /* Sources */ = {
			isa = PBXSourcesBuildPhase;
			buildActionMask = 2147483647;
			files = (
				569002FD29142181008AF942 /* SampleCombineRXSwiftTests.swift in Sources */,
			);
			runOnlyForDeploymentPostprocessing = 0;
		};
		569002FE29142181008AF942 /* Sources */ = {
			isa = PBXSourcesBuildPhase;
			buildActionMask = 2147483647;
			files = (
				5690030929142181008AF942 /* SampleCombineRXSwiftUITestsLaunchTests.swift in Sources */,
				5690030729142181008AF942 /* SampleCombineRXSwiftUITests.swift in Sources */,
			);
			runOnlyForDeploymentPostprocessing = 0;
		};
/* End PBXSourcesBuildPhase section */

/* Begin PBXTargetDependency section */
		569002FA29142181008AF942 /* PBXTargetDependency */ = {
			isa = PBXTargetDependency;
			target = 569002E129142180008AF942 /* SampleCombineRXSwift */;
			targetProxy = 569002F929142181008AF942 /* PBXContainerItemProxy */;
		};
		5690030429142181008AF942 /* PBXTargetDependency */ = {
			isa = PBXTargetDependency;
			target = 569002E129142180008AF942 /* SampleCombineRXSwift */;
			targetProxy = 5690030329142181008AF942 /* PBXContainerItemProxy */;
		};
/* End PBXTargetDependency section */

/* Begin PBXVariantGroup section */
		569002EB29142180008AF942 /* Main.storyboard */ = {
			isa = PBXVariantGroup;
			children = (
				569002EC29142180008AF942 /* Base */,
			);
			name = Main.storyboard;
			sourceTree = "<group>";
		};
		569002F029142181008AF942 /* LaunchScreen.storyboard */ = {
			isa = PBXVariantGroup;
			children = (
				569002F129142181008AF942 /* Base */,
			);
			name = LaunchScreen.storyboard;
			sourceTree = "<group>";
		};
/* End PBXVariantGroup section */

/* Begin XCBuildConfiguration section */
		5690030A29142181008AF942 /* Debug */ = {
			isa = XCBuildConfiguration;
			buildSettings = {
				ALWAYS_SEARCH_USER_PATHS = NO;
				CLANG_ANALYZER_NONNULL = YES;
				CLANG_ANALYZER_NUMBER_OBJECT_CONVERSION = YES_AGGRESSIVE;
				CLANG_CXX_LANGUAGE_STANDARD = "gnu++17";
				CLANG_ENABLE_MODULES = YES;
				CLANG_ENABLE_OBJC_ARC = YES;
				CLANG_ENABLE_OBJC_WEAK = YES;
				CLANG_WARN_BLOCK_CAPTURE_AUTORELEASING = YES;
				CLANG_WARN_BOOL_CONVERSION = YES;
				CLANG_WARN_COMMA = YES;
				CLANG_WARN_CONSTANT_CONVERSION = YES;
				CLANG_WARN_DEPRECATED_OBJC_IMPLEMENTATIONS = YES;
				CLANG_WARN_DIRECT_OBJC_ISA_USAGE = YES_ERROR;
				CLANG_WARN_DOCUMENTATION_COMMENTS = YES;
				CLANG_WARN_EMPTY_BODY = YES;
				CLANG_WARN_ENUM_CONVERSION = YES;
				CLANG_WARN_INFINITE_RECURSION = YES;
				CLANG_WARN_INT_CONVERSION = YES;
				CLANG_WARN_NON_LITERAL_NULL_CONVERSION = YES;
				CLANG_WARN_OBJC_IMPLICIT_RETAIN_SELF = YES;
				CLANG_WARN_OBJC_LITERAL_CONVERSION = YES;
				CLANG_WARN_OBJC_ROOT_CLASS = YES_ERROR;
				CLANG_WARN_QUOTED_INCLUDE_IN_FRAMEWORK_HEADER = YES;
				CLANG_WARN_RANGE_LOOP_ANALYSIS = YES;
				CLANG_WARN_STRICT_PROTOTYPES = YES;
				CLANG_WARN_SUSPICIOUS_MOVE = YES;
				CLANG_WARN_UNGUARDED_AVAILABILITY = YES_AGGRESSIVE;
				CLANG_WARN_UNREACHABLE_CODE = YES;
				CLANG_WARN__DUPLICATE_METHOD_MATCH = YES;
				COPY_PHASE_STRIP = NO;
				DEBUG_INFORMATION_FORMAT = dwarf;
				ENABLE_STRICT_OBJC_MSGSEND = YES;
				ENABLE_TESTABILITY = YES;
				GCC_C_LANGUAGE_STANDARD = gnu11;
				GCC_DYNAMIC_NO_PIC = NO;
				GCC_NO_COMMON_BLOCKS = YES;
				GCC_OPTIMIZATION_LEVEL = 0;
				GCC_PREPROCESSOR_DEFINITIONS = (
					"DEBUG=1",
					"$(inherited)",
				);
				GCC_WARN_64_TO_32_BIT_CONVERSION = YES;
				GCC_WARN_ABOUT_RETURN_TYPE = YES_ERROR;
				GCC_WARN_UNDECLARED_SELECTOR = YES;
				GCC_WARN_UNINITIALIZED_AUTOS = YES_AGGRESSIVE;
				GCC_WARN_UNUSED_FUNCTION = YES;
				GCC_WARN_UNUSED_VARIABLE = YES;
				IPHONEOS_DEPLOYMENT_TARGET = 15.5;
				MTL_ENABLE_DEBUG_INFO = INCLUDE_SOURCE;
				MTL_FAST_MATH = YES;
				ONLY_ACTIVE_ARCH = YES;
				SDKROOT = iphoneos;
				SWIFT_ACTIVE_COMPILATION_CONDITIONS = DEBUG;
				SWIFT_OPTIMIZATION_LEVEL = "-Onone";
			};
			name = Debug;
		};
		5690030B29142181008AF942 /* Release */ = {
			isa = XCBuildConfiguration;
			buildSettings = {
				ALWAYS_SEARCH_USER_PATHS = NO;
				CLANG_ANALYZER_NONNULL = YES;
				CLANG_ANALYZER_NUMBER_OBJECT_CONVERSION = YES_AGGRESSIVE;
				CLANG_CXX_LANGUAGE_STANDARD = "gnu++17";
				CLANG_ENABLE_MODULES = YES;
				CLANG_ENABLE_OBJC_ARC = YES;
				CLANG_ENABLE_OBJC_WEAK = YES;
				CLANG_WARN_BLOCK_CAPTURE_AUTORELEASING = YES;
				CLANG_WARN_BOOL_CONVERSION = YES;
				CLANG_WARN_COMMA = YES;
				CLANG_WARN_CONSTANT_CONVERSION = YES;
				CLANG_WARN_DEPRECATED_OBJC_IMPLEMENTATIONS = YES;
				CLANG_WARN_DIRECT_OBJC_ISA_USAGE = YES_ERROR;
				CLANG_WARN_DOCUMENTATION_COMMENTS = YES;
				CLANG_WARN_EMPTY_BODY = YES;
				CLANG_WARN_ENUM_CONVERSION = YES;
				CLANG_WARN_INFINITE_RECURSION = YES;
				CLANG_WARN_INT_CONVERSION = YES;
				CLANG_WARN_NON_LITERAL_NULL_CONVERSION = YES;
				CLANG_WARN_OBJC_IMPLICIT_RETAIN_SELF = YES;
				CLANG_WARN_OBJC_LITERAL_CONVERSION = YES;
				CLANG_WARN_OBJC_ROOT_CLASS = YES_ERROR;
				CLANG_WARN_QUOTED_INCLUDE_IN_FRAMEWORK_HEADER = YES;
				CLANG_WARN_RANGE_LOOP_ANALYSIS = YES;
				CLANG_WARN_STRICT_PROTOTYPES = YES;
				CLANG_WARN_SUSPICIOUS_MOVE = YES;
				CLANG_WARN_UNGUARDED_AVAILABILITY = YES_AGGRESSIVE;
				CLANG_WARN_UNREACHABLE_CODE = YES;
				CLANG_WARN__DUPLICATE_METHOD_MATCH = YES;
				COPY_PHASE_STRIP = NO;
				DEBUG_INFORMATION_FORMAT = "dwarf-with-dsym";
				ENABLE_NS_ASSERTIONS = NO;
				ENABLE_STRICT_OBJC_MSGSEND = YES;
				GCC_C_LANGUAGE_STANDARD = gnu11;
				GCC_NO_COMMON_BLOCKS = YES;
				GCC_WARN_64_TO_32_BIT_CONVERSION = YES;
				GCC_WARN_ABOUT_RETURN_TYPE = YES_ERROR;
				GCC_WARN_UNDECLARED_SELECTOR = YES;
				GCC_WARN_UNINITIALIZED_AUTOS = YES_AGGRESSIVE;
				GCC_WARN_UNUSED_FUNCTION = YES;
				GCC_WARN_UNUSED_VARIABLE = YES;
				IPHONEOS_DEPLOYMENT_TARGET = 15.5;
				MTL_ENABLE_DEBUG_INFO = NO;
				MTL_FAST_MATH = YES;
				SDKROOT = iphoneos;
				SWIFT_COMPILATION_MODE = wholemodule;
				SWIFT_OPTIMIZATION_LEVEL = "-O";
				VALIDATE_PRODUCT = YES;
			};
			name = Release;
		};
		5690030D29142181008AF942 /* Debug */ = {
			isa = XCBuildConfiguration;
			buildSettings = {
				ASSETCATALOG_COMPILER_APPICON_NAME = AppIcon;
				ASSETCATALOG_COMPILER_GLOBAL_ACCENT_COLOR_NAME = AccentColor;
				CODE_SIGN_STYLE = Automatic;
				CURRENT_PROJECT_VERSION = 1;
				GENERATE_INFOPLIST_FILE = YES;
				INFOPLIST_FILE = SampleCombineRXSwift/Info.plist;
				INFOPLIST_KEY_UIApplicationSupportsIndirectInputEvents = YES;
				INFOPLIST_KEY_UILaunchStoryboardName = LaunchScreen;
				INFOPLIST_KEY_UIMainStoryboardFile = Main;
				INFOPLIST_KEY_UISupportedInterfaceOrientations_iPad = "UIInterfaceOrientationPortrait UIInterfaceOrientationPortraitUpsideDown UIInterfaceOrientationLandscapeLeft UIInterfaceOrientationLandscapeRight";
				INFOPLIST_KEY_UISupportedInterfaceOrientations_iPhone = "UIInterfaceOrientationPortrait UIInterfaceOrientationLandscapeLeft UIInterfaceOrientationLandscapeRight";
				LD_RUNPATH_SEARCH_PATHS = (
					"$(inherited)",
					"@executable_path/Frameworks",
				);
				MARKETING_VERSION = 1.0;
				PRODUCT_BUNDLE_IDENTIFIER = Test.SampleCombineRXSwift;
				PRODUCT_NAME = "$(TARGET_NAME)";
				SWIFT_EMIT_LOC_STRINGS = YES;
				SWIFT_VERSION = 5.0;
				TARGETED_DEVICE_FAMILY = "1,2";
			};
			name = Debug;
		};
		5690030E29142181008AF942 /* Release */ = {
			isa = XCBuildConfiguration;
			buildSettings = {
				ASSETCATALOG_COMPILER_APPICON_NAME = AppIcon;
				ASSETCATALOG_COMPILER_GLOBAL_ACCENT_COLOR_NAME = AccentColor;
				CODE_SIGN_STYLE = Automatic;
				CURRENT_PROJECT_VERSION = 1;
				GENERATE_INFOPLIST_FILE = YES;
				INFOPLIST_FILE = SampleCombineRXSwift/Info.plist;
				INFOPLIST_KEY_UIApplicationSupportsIndirectInputEvents = YES;
				INFOPLIST_KEY_UILaunchStoryboardName = LaunchScreen;
				INFOPLIST_KEY_UIMainStoryboardFile = Main;
				INFOPLIST_KEY_UISupportedInterfaceOrientations_iPad = "UIInterfaceOrientationPortrait UIInterfaceOrientationPortraitUpsideDown UIInterfaceOrientationLandscapeLeft UIInterfaceOrientationLandscapeRight";
				INFOPLIST_KEY_UISupportedInterfaceOrientations_iPhone = "UIInterfaceOrientationPortrait UIInterfaceOrientationLandscapeLeft UIInterfaceOrientationLandscapeRight";
				LD_RUNPATH_SEARCH_PATHS = (
					"$(inherited)",
					"@executable_path/Frameworks",
				);
				MARKETING_VERSION = 1.0;
				PRODUCT_BUNDLE_IDENTIFIER = Test.SampleCombineRXSwift;
				PRODUCT_NAME = "$(TARGET_NAME)";
				SWIFT_EMIT_LOC_STRINGS = YES;
				SWIFT_VERSION = 5.0;
				TARGETED_DEVICE_FAMILY = "1,2";
			};
			name = Release;
		};
		5690031029142181008AF942 /* Debug */ = {
			isa = XCBuildConfiguration;
			buildSettings = {
				ALWAYS_EMBED_SWIFT_STANDARD_LIBRARIES = YES;
				BUNDLE_LOADER = "$(TEST_HOST)";
				CODE_SIGN_STYLE = Automatic;
				CURRENT_PROJECT_VERSION = 1;
				GENERATE_INFOPLIST_FILE = YES;
				IPHONEOS_DEPLOYMENT_TARGET = 15.5;
				MARKETING_VERSION = 1.0;
				PRODUCT_BUNDLE_IDENTIFIER = Test.SampleCombineRXSwiftTests;
				PRODUCT_NAME = "$(TARGET_NAME)";
				SWIFT_EMIT_LOC_STRINGS = NO;
				SWIFT_VERSION = 5.0;
				TARGETED_DEVICE_FAMILY = "1,2";
				TEST_HOST = "$(BUILT_PRODUCTS_DIR)/SampleCombineRXSwift.app/SampleCombineRXSwift";
			};
			name = Debug;
		};
		5690031129142181008AF942 /* Release */ = {
			isa = XCBuildConfiguration;
			buildSettings = {
				ALWAYS_EMBED_SWIFT_STANDARD_LIBRARIES = YES;
				BUNDLE_LOADER = "$(TEST_HOST)";
				CODE_SIGN_STYLE = Automatic;
				CURRENT_PROJECT_VERSION = 1;
				GENERATE_INFOPLIST_FILE = YES;
				IPHONEOS_DEPLOYMENT_TARGET = 15.5;
				MARKETING_VERSION = 1.0;
				PRODUCT_BUNDLE_IDENTIFIER = Test.SampleCombineRXSwiftTests;
				PRODUCT_NAME = "$(TARGET_NAME)";
				SWIFT_EMIT_LOC_STRINGS = NO;
				SWIFT_VERSION = 5.0;
				TARGETED_DEVICE_FAMILY = "1,2";
				TEST_HOST = "$(BUILT_PRODUCTS_DIR)/SampleCombineRXSwift.app/SampleCombineRXSwift";
			};
			name = Release;
		};
		5690031329142181008AF942 /* Debug */ = {
			isa = XCBuildConfiguration;
			buildSettings = {
				ALWAYS_EMBED_SWIFT_STANDARD_LIBRARIES = YES;
				CODE_SIGN_STYLE = Automatic;
				CURRENT_PROJECT_VERSION = 1;
				GENERATE_INFOPLIST_FILE = YES;
				MARKETING_VERSION = 1.0;
				PRODUCT_BUNDLE_IDENTIFIER = Test.SampleCombineRXSwiftUITests;
				PRODUCT_NAME = "$(TARGET_NAME)";
				SWIFT_EMIT_LOC_STRINGS = NO;
				SWIFT_VERSION = 5.0;
				TARGETED_DEVICE_FAMILY = "1,2";
				TEST_TARGET_NAME = SampleCombineRXSwift;
			};
			name = Debug;
		};
		5690031429142181008AF942 /* Release */ = {
			isa = XCBuildConfiguration;
			buildSettings = {
				ALWAYS_EMBED_SWIFT_STANDARD_LIBRARIES = YES;
				CODE_SIGN_STYLE = Automatic;
				CURRENT_PROJECT_VERSION = 1;
				GENERATE_INFOPLIST_FILE = YES;
				MARKETING_VERSION = 1.0;
				PRODUCT_BUNDLE_IDENTIFIER = Test.SampleCombineRXSwiftUITests;
				PRODUCT_NAME = "$(TARGET_NAME)";
				SWIFT_EMIT_LOC_STRINGS = NO;
				SWIFT_VERSION = 5.0;
				TARGETED_DEVICE_FAMILY = "1,2";
				TEST_TARGET_NAME = SampleCombineRXSwift;
			};
			name = Release;
		};
/* End XCBuildConfiguration section */

/* Begin XCConfigurationList section */
		569002DD29142180008AF942 /* Build configuration list for PBXProject "SampleCombineRXSwift" */ = {
			isa = XCConfigurationList;
			buildConfigurations = (
				5690030A29142181008AF942 /* Debug */,
				5690030B29142181008AF942 /* Release */,
			);
			defaultConfigurationIsVisible = 0;
			defaultConfigurationName = Release;
		};
		5690030C29142181008AF942 /* Build configuration list for PBXNativeTarget "SampleCombineRXSwift" */ = {
			isa = XCConfigurationList;
			buildConfigurations = (
				5690030D29142181008AF942 /* Debug */,
				5690030E29142181008AF942 /* Release */,
			);
			defaultConfigurationIsVisible = 0;
			defaultConfigurationName = Release;
		};
		5690030F29142181008AF942 /* Build configuration list for PBXNativeTarget "SampleCombineRXSwiftTests" */ = {
			isa = XCConfigurationList;
			buildConfigurations = (
				5690031029142181008AF942 /* Debug */,
				5690031129142181008AF942 /* Release */,
			);
			defaultConfigurationIsVisible = 0;
			defaultConfigurationName = Release;
		};
		5690031229142181008AF942 /* Build configuration list for PBXNativeTarget "SampleCombineRXSwiftUITests" */ = {
			isa = XCConfigurationList;
			buildConfigurations = (
				5690031329142181008AF942 /* Debug */,
				5690031429142181008AF942 /* Release */,
			);
			defaultConfigurationIsVisible = 0;
			defaultConfigurationName = Release;
		};
/* End XCConfigurationList section */
	};
	rootObject = 569002DA29142180008AF942 /* Project object */;
}
